
Microsoft Visual Studio Solution File, Format Version 12.00
# Visual Studio 2012
Project("{FAE04EC0-301F-11D3-BF4B-00C04F79EFBC}") = "JSONRenderingExtension", "JSONRenderingExtension.csproj", "{133AA341-B1A5-4E95-9E00-F4E2B44DD6D9}"
EndProject
Project("{FAE04EC0-301F-11D3-BF4B-00C04F79EFBC}") = "Forerunner.Json", "..\..\JSON\src\Jayrock.Json\Forerunner.Json.csproj", "{F10A6A7D-B8E4-4F8B-8BD9-5B42ACE5520E}"
EndProject
Global
	GlobalSection(SolutionConfigurationPlatforms) = preSolution
		Debug|Any CPU = Debug|Any CPU
		Release|Any CPU = Release|Any CPU
	EndGlobalSection
	GlobalSection(ProjectConfigurationPlatforms) = postSolution
		{133AA341-B1A5-4E95-9E00-F4E2B44DD6D9}.Debug|Any CPU.ActiveCfg = Debug|Any CPU
		{133AA341-B1A5-4E95-9E00-F4E2B44DD6D9}.Debug|Any CPU.Build.0 = Debug|Any CPU
		{133AA341-B1A5-4E95-9E00-F4E2B44DD6D9}.Release|Any CPU.ActiveCfg = Release|Any CPU
		{133AA341-B1A5-4E95-9E00-F4E2B44DD6D9}.Release|Any CPU.Build.0 = Release|Any CPU
		{F10A6A7D-B8E4-4F8B-8BD9-5B42ACE5520E}.Debug|Any CPU.ActiveCfg = Debug|Any CPU
		{F10A6A7D-B8E4-4F8B-8BD9-5B42ACE5520E}.Debug|Any CPU.Build.0 = Debug|Any CPU
		{F10A6A7D-B8E4-4F8B-8BD9-5B42ACE5520E}.Release|Any CPU.ActiveCfg = Release|Any CPU
		{F10A6A7D-B8E4-4F8B-8BD9-5B42ACE5520E}.Release|Any CPU.Build.0 = Release|Any CPU
	EndGlobalSection
	GlobalSection(SolutionProperties) = preSolution
		HideSolutionNode = FALSE
	EndGlobalSection
EndGlobal
