
Microsoft Visual Studio Solution File, Format Version 11.00
# Visual Studio 2010
Project("{F14B399A-7131-4C87-9E4B-1186C45EF12D}") = "Northwind Test Suite", "Northwind Test Suite\Northwind Test Suite.rptproj", "{2B18E0DE-C8B2-460E-80A8-5549358D5473}"
EndProject
Global
	GlobalSection(SolutionConfigurationPlatforms) = preSolution
		Debug|Default = Debug|Default
		DebugLocal|Default = DebugLocal|Default
		Release|Default = Release|Default
	EndGlobalSection
	GlobalSection(ProjectConfigurationPlatforms) = postSolution
		{2B18E0DE-C8B2-460E-80A8-5549358D5473}.Debug|Default.ActiveCfg = Debug
		{2B18E0DE-C8B2-460E-80A8-5549358D5473}.Debug|Default.Build.0 = DebugLocal
		{2B18E0DE-C8B2-460E-80A8-5549358D5473}.Debug|Default.Deploy.0 = DebugLocal
		{2B18E0DE-C8B2-460E-80A8-5549358D5473}.DebugLocal|Default.ActiveCfg = DebugLocal
		{2B18E0DE-C8B2-460E-80A8-5549358D5473}.DebugLocal|Default.Build.0 = DebugLocal
		{2B18E0DE-C8B2-460E-80A8-5549358D5473}.Release|Default.ActiveCfg = Release
		{2B18E0DE-C8B2-460E-80A8-5549358D5473}.Release|Default.Build.0 = Release
		{2B18E0DE-C8B2-460E-80A8-5549358D5473}.Release|Default.Deploy.0 = Release
	EndGlobalSection
	GlobalSection(SolutionProperties) = preSolution
		HideSolutionNode = FALSE
	EndGlobalSection
EndGlobal
