
Microsoft Visual Studio Solution File, Format Version 12.00
# Visual Studio 2012
Project("{FAE04EC0-301F-11D3-BF4B-00C04F79EFBC}") = "SDKSamples", "SDKSamples\SDKSamples.csproj", "{D9D76B07-6CAD-41F4-B14A-7B0DC1935372}"
EndProject
Global
	GlobalSection(SolutionConfigurationPlatforms) = preSolution
		Debug|Any CPU = Debug|Any CPU
		Release|Any CPU = Release|Any CPU
	EndGlobalSection
	GlobalSection(ProjectConfigurationPlatforms) = postSolution
		{D9D76B07-6CAD-41F4-B14A-7B0DC1935372}.Debug|Any CPU.ActiveCfg = Debug|Any CPU
		{D9D76B07-6CAD-41F4-B14A-7B0DC1935372}.Debug|Any CPU.Build.0 = Debug|Any CPU
		{D9D76B07-6CAD-41F4-B14A-7B0DC1935372}.Release|Any CPU.ActiveCfg = Release|Any CPU
		{D9D76B07-6CAD-41F4-B14A-7B0DC1935372}.Release|Any CPU.Build.0 = Release|Any CPU
	EndGlobalSection
	GlobalSection(SolutionProperties) = preSolution
		HideSolutionNode = FALSE
	EndGlobalSection
EndGlobal
